{
    "_readme": [
        "This file locks the dependencies of your project to a known state",
        "Read more about it at https://getcomposer.org/doc/01-basic-usage.md#installing-dependencies",
        "This file is @generated automatically"
    ],
    "content-hash": "8acba80f093829e2b5dfdd0bb485a38b",
    "packages": [],
    "packages-dev": [
        {
            "name": "phpunit/php-file-iterator",
            "version": "3.0.6",
            "source": {
                "type": "git",
                "url": "https://github.com/sebastianbergmann/php-file-iterator.git",
                "reference": "cf1c2e7c203ac650e352f4cc675a7021e7d1b3cf"
            },
            "dist": {
                "type": "zip",
                "url": "https://api.github.com/repos/sebastianbergmann/php-file-iterator/zipball/cf1c2e7c203ac650e352f4cc675a7021e7d1b3cf",
                "reference": "cf1c2e7c203ac650e352f4cc675a7021e7d1b3cf",
                "shasum": ""
            },
            "require": {
                "php": ">=7.3"
            },
            "require-dev": {
                "phpunit/phpunit": "^9.3"
            },
            "type": "library",
            "extra": {
                "branch-alias": {
                    "dev-master": "3.0-dev"
                }
            },
            "autoload": {
                "classmap": [
                    "src/"
                ]
            },
            "notification-url": "https://packagist.org/downloads/",
            "license": [
                "BSD-3-Clause"
            ],
            "authors": [
                {
                    "name": "Sebastian Bergmann",
                    "email": "sebastian@phpunit.de",
                    "role": "lead"
                }
            ],
            "description": "FilterIterator implementation that filters files based on a list of suffixes.",
            "homepage": "https://github.com/sebastianbergmann/php-file-iterator/",
            "keywords": [
                "filesystem",
                "iterator"
            ],
            "support": {
                "issues": "https://github.com/sebastianbergmann/php-file-iterator/issues",
                "source": "https://github.com/sebastianbergmann/php-file-iterator/tree/3.0.6"
            },
            "funding": [
                {
                    "url": "https://github.com/sebastianbergmann",
                    "type": "github"
                }
            ],
            "time": "2021-12-02T12:48:52+00:00"
        },
        {
            "name": "phpunit/php-timer",
            "version": "5.0.3",
            "source": {
                "type": "git",
                "url": "https://github.com/sebastianbergmann/php-timer.git",
                "reference": "5a63ce20ed1b5bf577850e2c4e87f4aa902afbd2"
            },
            "dist": {
                "type": "zip",
                "url": "https://api.github.com/repos/sebastianbergmann/php-timer/zipball/5a63ce20ed1b5bf577850e2c4e87f4aa902afbd2",
                "reference": "5a63ce20ed1b5bf577850e2c4e87f4aa902afbd2",
                "shasum": ""
            },
            "require": {
                "php": ">=7.3"
            },
            "require-dev": {
                "phpunit/phpunit": "^9.3"
            },
            "type": "library",
            "extra": {
                "branch-alias": {
                    "dev-master": "5.0-dev"
                }
            },
            "autoload": {
                "classmap": [
                    "src/"
                ]
            },
            "notification-url": "https://packagist.org/downloads/",
            "license": [
                "BSD-3-Clause"
            ],
            "authors": [
                {
                    "name": "Sebastian Bergmann",
                    "email": "sebastian@phpunit.de",
                    "role": "lead"
                }
            ],
            "description": "Utility class for timing",
            "homepage": "https://github.com/sebastianbergmann/php-timer/",
            "keywords": [
                "timer"
            ],
            "support": {
                "issues": "https://github.com/sebastianbergmann/php-timer/issues",
                "source": "https://github.com/sebastianbergmann/php-timer/tree/5.0.3"
            },
            "funding": [
                {
                    "url": "https://github.com/sebastianbergmann",
                    "type": "github"
                }
            ],
            "time": "2020-10-26T13:16:10+00:00"
        },
        {
            "name": "sebastian/cli-parser",
            "version": "1.0.2",
            "source": {
                "type": "git",
                "url": "https://github.com/sebastianbergmann/cli-parser.git",
                "reference": "2b56bea83a09de3ac06bb18b92f068e60cc6f50b"
            },
            "dist": {
                "type": "zip",
                "url": "https://api.github.com/repos/sebastianbergmann/cli-parser/zipball/2b56bea83a09de3ac06bb18b92f068e60cc6f50b",
                "reference": "2b56bea83a09de3ac06bb18b92f068e60cc6f50b",
                "shasum": ""
            },
            "require": {
                "php": ">=7.3"
            },
            "require-dev": {
                "phpunit/phpunit": "^9.3"
            },
            "type": "library",
            "extra": {
                "branch-alias": {
                    "dev-master": "1.0-dev"
                }
            },
            "autoload": {
                "classmap": [
                    "src/"
                ]
            },
            "notification-url": "https://packagist.org/downloads/",
            "license": [
                "BSD-3-Clause"
            ],
            "authors": [
                {
                    "name": "Sebastian Bergmann",
                    "email": "sebastian@phpunit.de",
                    "role": "lead"
                }
            ],
            "description": "Library for parsing CLI options",
            "homepage": "https://github.com/sebastianbergmann/cli-parser",
            "support": {
                "issues": "https://github.com/sebastianbergmann/cli-parser/issues",
                "source": "https://github.com/sebastianbergmann/cli-parser/tree/1.0.2"
            },
            "funding": [
                {
                    "url": "https://github.com/sebastianbergmann",
                    "type": "github"
                }
            ],
            "time": "2024-03-02T06:27:43+00:00"
        },
        {
            "name": "sebastian/phpcpd",
            "version": "6.0.3",
            "source": {
                "type": "git",
                "url": "https://github.com/sebastianbergmann/phpcpd.git",
                "reference": "f3683aa0db2e8e09287c2bb33a595b2873ea9176"
            },
            "dist": {
                "type": "zip",
                "url": "https://api.github.com/repos/sebastianbergmann/phpcpd/zipball/f3683aa0db2e8e09287c2bb33a595b2873ea9176",
                "reference": "f3683aa0db2e8e09287c2bb33a595b2873ea9176",
                "shasum": ""
            },
            "require": {
                "ext-dom": "*",
                "php": ">=7.3",
                "phpunit/php-file-iterator": "^3.0",
                "phpunit/php-timer": "^5.0",
                "sebastian/cli-parser": "^1.0",
                "sebastian/version": "^3.0"
            },
            "bin": [
                "phpcpd"
            ],
            "type": "library",
            "extra": {
                "branch-alias": {
                    "dev-master": "6.0-dev"
                }
            },
            "autoload": {
                "classmap": [
                    "src/"
                ]
            },
            "notification-url": "https://packagist.org/downloads/",
            "license": [
                "BSD-3-Clause"
            ],
            "authors": [
                {
                    "name": "Sebastian Bergmann",
                    "email": "sebastian@phpunit.de",
                    "role": "lead"
                }
            ],
            "description": "Copy/Paste Detector (CPD) for PHP code.",
            "homepage": "https://github.com/sebastianbergmann/phpcpd",
            "support": {
                "issues": "https://github.com/sebastianbergmann/phpcpd/issues",
                "source": "https://github.com/sebastianbergmann/phpcpd/tree/6.0.3"
            },
            "funding": [
                {
                    "url": "https://github.com/sebastianbergmann",
                    "type": "github"
                }
            ],
            "abandoned": true,
            "time": "2020-12-07T05:39:23+00:00"
        },
        {
            "name": "sebastian/version",
            "version": "3.0.2",
            "source": {
                "type": "git",
                "url": "https://github.com/sebastianbergmann/version.git",
                "reference": "c6c1022351a901512170118436c764e473f6de8c"
            },
            "dist": {
                "type": "zip",
                "url": "https://api.github.com/repos/sebastianbergmann/version/zipball/c6c1022351a901512170118436c764e473f6de8c",
                "reference": "c6c1022351a901512170118436c764e473f6de8c",
                "shasum": ""
            },
            "require": {
                "php": ">=7.3"
            },
            "type": "library",
            "extra": {
                "branch-alias": {
                    "dev-master": "3.0-dev"
                }
            },
            "autoload": {
                "classmap": [
                    "src/"
                ]
            },
            "notification-url": "https://packagist.org/downloads/",
            "license": [
                "BSD-3-Clause"
            ],
            "authors": [
                {
                    "name": "Sebastian Bergmann",
                    "email": "sebastian@phpunit.de",
                    "role": "lead"
                }
            ],
            "description": "Library that helps with managing the version number of Git-hosted PHP projects",
            "homepage": "https://github.com/sebastianbergmann/version",
            "support": {
                "issues": "https://github.com/sebastianbergmann/version/issues",
                "source": "https://github.com/sebastianbergmann/version/tree/3.0.2"
            },
            "funding": [
                {
                    "url": "https://github.com/sebastianbergmann",
                    "type": "github"
                }
            ],
            "time": "2020-09-28T06:39:44+00:00"
        }
    ],
    "aliases": [],
    "minimum-stability": "stable",
    "stability-flags": {},
    "prefer-stable": false,
    "prefer-lowest": false,
    "platform": {},
    "platform-dev": {},
    "platform-overrides": {
        "php": "8.2"
    },
    "plugin-api-version": "2.9.0"
}
